
Microsoft Visual Studio Solution File, Format Version 12.00
# Visual Studio Version 17
VisualStudioVersion = 17.7.34302.85
MinimumVisualStudioVersion = 10.0.40219.1
Project("{FAE04EC0-301F-11D3-BF4B-00C04F79EFBC}") = "practiseDSA", "practiseDSA\practiseDSA.csproj", "{E2C27D2A-4D01-43F7-AC5A-558017723CD9}"
EndProject
Project("{FAE04EC0-301F-11D3-BF4B-00C04F79EFBC}") = "practiseDSATests", "practiseDSATests\practiseDSATests.csproj", "{E16F544F-1D37-478D-80B9-0A3B613B0A8F}"
EndProject
Global
	GlobalSection(SolutionConfigurationPlatforms) = preSolution
		Debug|Any CPU = Debug|Any CPU
		Release|Any CPU = Release|Any CPU
	EndGlobalSection
	GlobalSection(ProjectConfigurationPlatforms) = postSolution
		{E2C27D2A-4D01-43F7-AC5A-558017723CD9}.Debug|Any CPU.ActiveCfg = Debug|Any CPU
		{E2C27D2A-4D01-43F7-AC5A-558017723CD9}.Debug|Any CPU.Build.0 = Debug|Any CPU
		{E2C27D2A-4D01-43F7-AC5A-558017723CD9}.Release|Any CPU.ActiveCfg = Release|Any CPU
		{E2C27D2A-4D01-43F7-AC5A-558017723CD9}.Release|Any CPU.Build.0 = Release|Any CPU
		{E16F544F-1D37-478D-80B9-0A3B613B0A8F}.Debug|Any CPU.ActiveCfg = Debug|Any CPU
		{E16F544F-1D37-478D-80B9-0A3B613B0A8F}.Debug|Any CPU.Build.0 = Debug|Any CPU
		{E16F544F-1D37-478D-80B9-0A3B613B0A8F}.Release|Any CPU.ActiveCfg = Release|Any CPU
		{E16F544F-1D37-478D-80B9-0A3B613B0A8F}.Release|Any CPU.Build.0 = Release|Any CPU
	EndGlobalSection
	GlobalSection(SolutionProperties) = preSolution
		HideSolutionNode = FALSE
	EndGlobalSection
	GlobalSection(ExtensibilityGlobals) = postSolution
		SolutionGuid = {C42E85B4-9D64-41DC-9132-C1E7C074AC29}
	EndGlobalSection
EndGlobal
